
Microsoft Visual Studio Solution File, Format Version 12.00
# Visual Studio Version 17
VisualStudioVersion = 17.4.33103.184
MinimumVisualStudioVersion = 10.0.40219.1
Project("{FAE04EC0-301F-11D3-BF4B-00C04F79EFBC}") = "CleanMarketplace.Core", "CleanMarketplace.Core\CleanMarketplace.Core.csproj", "{612E9855-730B-4C0B-A571-E50385536A74}"
EndProject
Project("{FAE04EC0-301F-11D3-BF4B-00C04F79EFBC}") = "CleanMarketplace.Application", "CleanMarketplace.Application\CleanMarketplace.Application.csproj", "{66A6E259-8E8E-472A-B968-992F67702228}"
EndProject
Project("{FAE04EC0-301F-11D3-BF4B-00C04F79EFBC}") = "CleanMarketplace.Sql", "CleanMarketplace.Sql\CleanMarketplace.Sql.csproj", "{1ECEFE3A-E822-4FAF-A2AA-4BBA70D3E77D}"
EndProject
Project("{FAE04EC0-301F-11D3-BF4B-00C04F79EFBC}") = "CleanMarketplace.Infrastructure", "CleanMarketplace.Infrastructure\CleanMarketplace.Infrastructure.csproj", "{FD4FE6BA-8134-4C9D-9E5F-EFE347B1884B}"
EndProject
Project("{FAE04EC0-301F-11D3-BF4B-00C04F79EFBC}") = "CleanMarketplace.Api", "CleanMarketplace.Api\CleanMarketplace.Api.csproj", "{275A29D0-E3AE-4CCC-8162-BB8C2894C88E}"
EndProject
Global
	GlobalSection(SolutionConfigurationPlatforms) = preSolution
		Debug|Any CPU = Debug|Any CPU
		Release|Any CPU = Release|Any CPU
	EndGlobalSection
	GlobalSection(ProjectConfigurationPlatforms) = postSolution
		{612E9855-730B-4C0B-A571-E50385536A74}.Debug|Any CPU.ActiveCfg = Debug|Any CPU
		{612E9855-730B-4C0B-A571-E50385536A74}.Debug|Any CPU.Build.0 = Debug|Any CPU
		{612E9855-730B-4C0B-A571-E50385536A74}.Release|Any CPU.ActiveCfg = Release|Any CPU
		{612E9855-730B-4C0B-A571-E50385536A74}.Release|Any CPU.Build.0 = Release|Any CPU
		{66A6E259-8E8E-472A-B968-992F67702228}.Debug|Any CPU.ActiveCfg = Debug|Any CPU
		{66A6E259-8E8E-472A-B968-992F67702228}.Debug|Any CPU.Build.0 = Debug|Any CPU
		{66A6E259-8E8E-472A-B968-992F67702228}.Release|Any CPU.ActiveCfg = Release|Any CPU
		{66A6E259-8E8E-472A-B968-992F67702228}.Release|Any CPU.Build.0 = Release|Any CPU
		{1ECEFE3A-E822-4FAF-A2AA-4BBA70D3E77D}.Debug|Any CPU.ActiveCfg = Debug|Any CPU
		{1ECEFE3A-E822-4FAF-A2AA-4BBA70D3E77D}.Debug|Any CPU.Build.0 = Debug|Any CPU
		{1ECEFE3A-E822-4FAF-A2AA-4BBA70D3E77D}.Release|Any CPU.ActiveCfg = Release|Any CPU
		{1ECEFE3A-E822-4FAF-A2AA-4BBA70D3E77D}.Release|Any CPU.Build.0 = Release|Any CPU
		{FD4FE6BA-8134-4C9D-9E5F-EFE347B1884B}.Debug|Any CPU.ActiveCfg = Debug|Any CPU
		{FD4FE6BA-8134-4C9D-9E5F-EFE347B1884B}.Debug|Any CPU.Build.0 = Debug|Any CPU
		{FD4FE6BA-8134-4C9D-9E5F-EFE347B1884B}.Release|Any CPU.ActiveCfg = Release|Any CPU
		{FD4FE6BA-8134-4C9D-9E5F-EFE347B1884B}.Release|Any CPU.Build.0 = Release|Any CPU
		{275A29D0-E3AE-4CCC-8162-BB8C2894C88E}.Debug|Any CPU.ActiveCfg = Debug|Any CPU
		{275A29D0-E3AE-4CCC-8162-BB8C2894C88E}.Debug|Any CPU.Build.0 = Debug|Any CPU
		{275A29D0-E3AE-4CCC-8162-BB8C2894C88E}.Release|Any CPU.ActiveCfg = Release|Any CPU
		{275A29D0-E3AE-4CCC-8162-BB8C2894C88E}.Release|Any CPU.Build.0 = Release|Any CPU
	EndGlobalSection
	GlobalSection(SolutionProperties) = preSolution
		HideSolutionNode = FALSE
	EndGlobalSection
	GlobalSection(ExtensibilityGlobals) = postSolution
		SolutionGuid = {A19B2FF1-4495-4902-A638-0F1744256090}
	EndGlobalSection
EndGlobal
